{
	"name": "@yippiecloud/template-sveltekit",
	"version": "1.0.0",
	"lockfileVersion": 1,
	"requires": true,
	"dependencies": {
		"@aws-cdk/assets": {
			"version": "1.121.0",
			"resolved": "https://registry.npmjs.org/@aws-cdk/assets/-/assets-1.121.0.tgz",
			"integrity": "sha512-aBdSAIof3h71sMscJLK6aL7IyjQ8oavpRb8LexWobGmlg+5Bi36M2qIUm2sv49mjVkEuWM5BOiS8E2ntvM4hZg==",
			"dev": true,
			"requires": {
				"@aws-cdk/core": "1.121.0",
				"@aws-cdk/cx-api": "1.121.0",
				"constructs": "^3.3.69"
			}
		},
		"@aws-cdk/aws-apigatewayv2": {
			"version": "1.121.0",
			"resolved": "https://registry.npmjs.org/@aws-cdk/aws-apigatewayv2/-/aws-apigatewayv2-1.121.0.tgz",
			"integrity": "sha512-F7KLCC8V1ydN6bOoOfPnDUuOTDgrlfawhFHW2ipSWSguqNmXjWMV2VR5z8zjEnMd+oV83qABqMNp0nqmQSRPCQ==",
			"dev": true,
			"requires": {
				"@aws-cdk/aws-certificatemanager": "1.121.0",
				"@aws-cdk/aws-cloudwatch": "1.121.0",
				"@aws-cdk/aws-ec2": "1.121.0",
				"@aws-cdk/aws-iam": "1.121.0",
				"@aws-cdk/core": "1.121.0",
				"constructs": "^3.3.69"
			}
		},
		"@aws-cdk/aws-apigatewayv2-integrations": {
			"version": "1.121.0",
			"resolved": "https://registry.npmjs.org/@aws-cdk/aws-apigatewayv2-integrations/-/aws-apigatewayv2-integrations-1.121.0.tgz",
			"integrity": "sha512-yfAS3yZ0IllKiScRHJHPh5kVbQLQUJFqGEXwWqoNfl11J2tvPKRpSDmb52hUaSknmAQLkBbYTHr/0iYbtcGdLQ==",
			"dev": true,
			"requires": {
				"@aws-cdk/aws-apigatewayv2": "1.121.0",
				"@aws-cdk/aws-ec2": "1.121.0",
				"@aws-cdk/aws-elasticloadbalancingv2": "1.121.0",
				"@aws-cdk/aws-iam": "1.121.0",
				"@aws-cdk/aws-lambda": "1.121.0",
				"@aws-cdk/aws-servicediscovery": "1.121.0",
				"@aws-cdk/core": "1.121.0",
				"constructs": "^3.3.69"
			}
		},
		"@aws-cdk/aws-applicationautoscaling": {
			"version": "1.121.0",
			"resolved": "https://registry.npmjs.org/@aws-cdk/aws-applicationautoscaling/-/aws-applicationautoscaling-1.121.0.tgz",
			"integrity": "sha512-ujGDc+QkcJ5BGKh9FFHJ199oUlYY9Gh+cWffOJfZRaQnnCbkFicdo27iWnoewiSYUHLtzCPjxY1hzn6Xyfr2cg==",
			"dev": true,
			"requires": {
				"@aws-cdk/aws-autoscaling-common": "1.121.0",
				"@aws-cdk/aws-cloudwatch": "1.121.0",
				"@aws-cdk/aws-iam": "1.121.0",
				"@aws-cdk/core": "1.121.0",
				"constructs": "^3.3.69"
			}
		},
		"@aws-cdk/aws-autoscaling-common": {
			"version": "1.121.0",
			"resolved": "https://registry.npmjs.org/@aws-cdk/aws-autoscaling-common/-/aws-autoscaling-common-1.121.0.tgz",
			"integrity": "sha512-e/T4MHY2KA1DctmjCHiHM9Mns9z6XFsSFtMLQHRJ6sC8OS3ZZAQBiyOLtbnO5kTzHMRaVX0wTWi62Q+9bCjJNg==",
			"dev": true,
			"requires": {
				"@aws-cdk/aws-iam": "1.121.0",
				"@aws-cdk/core": "1.121.0",
				"constructs": "^3.3.69"
			}
		},
		"@aws-cdk/aws-certificatemanager": {
			"version": "1.121.0",
			"resolved": "https://registry.npmjs.org/@aws-cdk/aws-certificatemanager/-/aws-certificatemanager-1.121.0.tgz",
			"integrity": "sha512-USyWSqPjSHizpV9ZocSba+S0NGXwR3wJDAGptaA9xMGfz7v5ZchLFCEe311spaP8ifK0G84yWNhwBYrjh5nQlw==",
			"dev": true,
			"requires": {
				"@aws-cdk/aws-cloudwatch": "1.121.0",
				"@aws-cdk/aws-iam": "1.121.0",
				"@aws-cdk/aws-lambda": "1.121.0",
				"@aws-cdk/aws-route53": "1.121.0",
				"@aws-cdk/core": "1.121.0",
				"constructs": "^3.3.69"
			}
		},
		"@aws-cdk/aws-cloudformation": {
			"version": "1.121.0",
			"resolved": "https://registry.npmjs.org/@aws-cdk/aws-cloudformation/-/aws-cloudformation-1.121.0.tgz",
			"integrity": "sha512-FCIZYF9FzkI8CRAH0E5UBYjZfPL+m9254XRZrCDrOHsF/JeyE49yPfrCgaGZK6VMrJOm/UlUlk5Q6G+qS57AYQ==",
			"dev": true,
			"requires": {
				"@aws-cdk/aws-iam": "1.121.0",
				"@aws-cdk/aws-lambda": "1.121.0",
				"@aws-cdk/aws-s3": "1.121.0",
				"@aws-cdk/aws-sns": "1.121.0",
				"@aws-cdk/core": "1.121.0",
				"@aws-cdk/cx-api": "1.121.0",
				"constructs": "^3.3.69"
			}
		},
		"@aws-cdk/aws-cloudfront": {
			"version": "1.121.0",
			"resolved": "https://registry.npmjs.org/@aws-cdk/aws-cloudfront/-/aws-cloudfront-1.121.0.tgz",
			"integrity": "sha512-U6kI19z2wMNkUGu4nKUomgfYkzJGofGjG/VC0gHurU+HRWnsj5AATrnIEbDBQeUmXrIcW0HhARSKtUcEsp/CfA==",
			"dev": true,
			"requires": {
				"@aws-cdk/aws-certificatemanager": "1.121.0",
				"@aws-cdk/aws-cloudwatch": "1.121.0",
				"@aws-cdk/aws-ec2": "1.121.0",
				"@aws-cdk/aws-iam": "1.121.0",
				"@aws-cdk/aws-kms": "1.121.0",
				"@aws-cdk/aws-lambda": "1.121.0",
				"@aws-cdk/aws-s3": "1.121.0",
				"@aws-cdk/aws-ssm": "1.121.0",
				"@aws-cdk/core": "1.121.0",
				"@aws-cdk/cx-api": "1.121.0",
				"constructs": "^3.3.69"
			}
		},
		"@aws-cdk/aws-cloudwatch": {
			"version": "1.121.0",
			"resolved": "https://registry.npmjs.org/@aws-cdk/aws-cloudwatch/-/aws-cloudwatch-1.121.0.tgz",
			"integrity": "sha512-B8cMXzbvmlmABfKXDVU3zACxfhpbkLJD70ZpIkfN/qHe0FvC8KHtHYK2ZOQ+KY2qw0ERon4gzTy9jFETaoAmMQ==",
			"dev": true,
			"requires": {
				"@aws-cdk/aws-iam": "1.121.0",
				"@aws-cdk/core": "1.121.0",
				"constructs": "^3.3.69"
			}
		},
		"@aws-cdk/aws-codeguruprofiler": {
			"version": "1.121.0",
			"resolved": "https://registry.npmjs.org/@aws-cdk/aws-codeguruprofiler/-/aws-codeguruprofiler-1.121.0.tgz",
			"integrity": "sha512-nkeCIyixHxKVT3JFEJD+AcIcN4oSIVpm04RF/E4L4RfKMIKFoDeI0gWvr5QirJqU3irlU2SW4gu+jK5DtL9ytA==",
			"dev": true,
			"requires": {
				"@aws-cdk/aws-iam": "1.121.0",
				"@aws-cdk/core": "1.121.0",
				"constructs": "^3.3.69"
			}
		},
		"@aws-cdk/aws-codestarnotifications": {
			"version": "1.121.0",
			"resolved": "https://registry.npmjs.org/@aws-cdk/aws-codestarnotifications/-/aws-codestarnotifications-1.121.0.tgz",
			"integrity": "sha512-N+/Ox1FnlLhw3iyL5JjIFYxfXCuprghsx/mDxjvmJ6Zn/i+3KNHMjRz6eMlrMXnIuFrfNgXFwm9AIjVMfYPWnA==",
			"dev": true,
			"requires": {
				"@aws-cdk/core": "1.121.0",
				"constructs": "^3.3.69"
			}
		},
		"@aws-cdk/aws-ec2": {
			"version": "1.121.0",
			"resolved": "https://registry.npmjs.org/@aws-cdk/aws-ec2/-/aws-ec2-1.121.0.tgz",
			"integrity": "sha512-IfqLCOV/3UTzEjfk2VKxOJ5xBnl5lEXBBVFtYz3VUFlaDvTkoYwVW8qpE8VHfNyRcBSvwfpUBO3vi+iDqCdV+g==",
			"dev": true,
			"requires": {
				"@aws-cdk/aws-cloudwatch": "1.121.0",
				"@aws-cdk/aws-iam": "1.121.0",
				"@aws-cdk/aws-kms": "1.121.0",
				"@aws-cdk/aws-logs": "1.121.0",
				"@aws-cdk/aws-s3": "1.121.0",
				"@aws-cdk/aws-s3-assets": "1.121.0",
				"@aws-cdk/aws-ssm": "1.121.0",
				"@aws-cdk/cloud-assembly-schema": "1.121.0",
				"@aws-cdk/core": "1.121.0",
				"@aws-cdk/cx-api": "1.121.0",
				"@aws-cdk/region-info": "1.121.0",
				"constructs": "^3.3.69"
			}
		},
		"@aws-cdk/aws-ecr": {
			"version": "1.121.0",
			"resolved": "https://registry.npmjs.org/@aws-cdk/aws-ecr/-/aws-ecr-1.121.0.tgz",
			"integrity": "sha512-IGyri1sSiPAudYjWsVPZeR2VXEmAPXdeeAaX913vE0FHEou8qiav4Wj0aj6WL/vKA+d+v9WARZZ4bQ1auCOIWg==",
			"dev": true,
			"requires": {
				"@aws-cdk/aws-events": "1.121.0",
				"@aws-cdk/aws-iam": "1.121.0",
				"@aws-cdk/core": "1.121.0",
				"constructs": "^3.3.69"
			}
		},
		"@aws-cdk/aws-ecr-assets": {
			"version": "1.121.0",
			"resolved": "https://registry.npmjs.org/@aws-cdk/aws-ecr-assets/-/aws-ecr-assets-1.121.0.tgz",
			"integrity": "sha512-rw2lJO4mTOJKoBygX6aVl/Io9wUniIwPviB+KVBEGYIuRajV7gc8VzF29K0mztb9r48kWgvaVxWAExjNt8ppjw==",
			"dev": true,
			"requires": {
				"@aws-cdk/assets": "1.121.0",
				"@aws-cdk/aws-ecr": "1.121.0",
				"@aws-cdk/aws-iam": "1.121.0",
				"@aws-cdk/aws-s3": "1.121.0",
				"@aws-cdk/core": "1.121.0",
				"@aws-cdk/cx-api": "1.121.0",
				"constructs": "^3.3.69",
				"minimatch": "^3.0.4"
			},
			"dependencies": {
				"balanced-match": {
					"version": "1.0.2",
					"bundled": true,
					"dev": true
				},
				"brace-expansion": {
					"version": "1.1.11",
					"bundled": true,
					"dev": true,
					"requires": {
						"balanced-match": "^1.0.0",
						"concat-map": "0.0.1"
					}
				},
				"concat-map": {
					"version": "0.0.1",
					"bundled": true,
					"dev": true
				},
				"minimatch": {
					"version": "3.0.4",
					"bundled": true,
					"dev": true,
					"requires": {
						"brace-expansion": "^1.1.7"
					}
				}
			}
		},
		"@aws-cdk/aws-efs": {
			"version": "1.121.0",
			"resolved": "https://registry.npmjs.org/@aws-cdk/aws-efs/-/aws-efs-1.121.0.tgz",
			"integrity": "sha512-VUJfDLkXnkTGJbWmyb0uVy8UqvkViUyHkK5sqkmq2L+TomDdOI9nYWvrO98i2C0OKCNfSKOnUi+qU7l3UlraFQ==",
			"dev": true,
			"requires": {
				"@aws-cdk/aws-ec2": "1.121.0",
				"@aws-cdk/aws-iam": "1.121.0",
				"@aws-cdk/aws-kms": "1.121.0",
				"@aws-cdk/cloud-assembly-schema": "1.121.0",
				"@aws-cdk/core": "1.121.0",
				"@aws-cdk/cx-api": "1.121.0",
				"constructs": "^3.3.69"
			}
		},
		"@aws-cdk/aws-elasticloadbalancingv2": {
			"version": "1.121.0",
			"resolved": "https://registry.npmjs.org/@aws-cdk/aws-elasticloadbalancingv2/-/aws-elasticloadbalancingv2-1.121.0.tgz",
			"integrity": "sha512-oJJCKJ8MndaOCOJcRM6XRYRDQ3+3wOfcgh3smVietGeXLsK6HaBtD6TsEhRXVTkv3xI+zjxjeyKDyGsTCK4iOw==",
			"dev": true,
			"requires": {
				"@aws-cdk/aws-certificatemanager": "1.121.0",
				"@aws-cdk/aws-cloudwatch": "1.121.0",
				"@aws-cdk/aws-ec2": "1.121.0",
				"@aws-cdk/aws-iam": "1.121.0",
				"@aws-cdk/aws-lambda": "1.121.0",
				"@aws-cdk/aws-s3": "1.121.0",
				"@aws-cdk/cloud-assembly-schema": "1.121.0",
				"@aws-cdk/core": "1.121.0",
				"@aws-cdk/cx-api": "1.121.0",
				"@aws-cdk/region-info": "1.121.0",
				"constructs": "^3.3.69"
			}
		},
		"@aws-cdk/aws-events": {
			"version": "1.121.0",
			"resolved": "https://registry.npmjs.org/@aws-cdk/aws-events/-/aws-events-1.121.0.tgz",
			"integrity": "sha512-ts8X9s0Y/kXAdE5dFluXdYDlm+5519dn87NsJ4YHc7/hngOmgnxzXWaMgaKpwT2jdizFKO0plD8r0UAzSqP8vA==",
			"dev": true,
			"requires": {
				"@aws-cdk/aws-iam": "1.121.0",
				"@aws-cdk/core": "1.121.0",
				"constructs": "^3.3.69"
			}
		},
		"@aws-cdk/aws-iam": {
			"version": "1.121.0",
			"resolved": "https://registry.npmjs.org/@aws-cdk/aws-iam/-/aws-iam-1.121.0.tgz",
			"integrity": "sha512-a5zxk0LATHAT8mlEF9ZahR3uJpCqgJRj0NHbAcKsN7N3XBVLwCeKjY6TYeJFZi4LLa96XkaLY99QCZym7r5gNQ==",
			"dev": true,
			"requires": {
				"@aws-cdk/core": "1.121.0",
				"@aws-cdk/region-info": "1.121.0",
				"constructs": "^3.3.69"
			}
		},
		"@aws-cdk/aws-kms": {
			"version": "1.121.0",
			"resolved": "https://registry.npmjs.org/@aws-cdk/aws-kms/-/aws-kms-1.121.0.tgz",
			"integrity": "sha512-kqz0HeC6q2di9zDSpNAtpAw6XpQs0cQ9YYzygD9Rx8LCpzpuLABAE7CeRetA7Q7VMJ44sAAlV4OMtpeB6c7iEw==",
			"dev": true,
			"requires": {
				"@aws-cdk/aws-iam": "1.121.0",
				"@aws-cdk/core": "1.121.0",
				"@aws-cdk/cx-api": "1.121.0",
				"constructs": "^3.3.69"
			}
		},
		"@aws-cdk/aws-lambda": {
			"version": "1.121.0",
			"resolved": "https://registry.npmjs.org/@aws-cdk/aws-lambda/-/aws-lambda-1.121.0.tgz",
			"integrity": "sha512-Kl+amSrT9ucDH9oDptOtgDrtnCrBapQ76RFywMDdyuBpAGtnD1Mf9JuFjYFlzZSnEMrS3qO5LTXZrlSYNLGyEQ==",
			"dev": true,
			"requires": {
				"@aws-cdk/aws-applicationautoscaling": "1.121.0",
				"@aws-cdk/aws-cloudwatch": "1.121.0",
				"@aws-cdk/aws-codeguruprofiler": "1.121.0",
				"@aws-cdk/aws-ec2": "1.121.0",
				"@aws-cdk/aws-ecr": "1.121.0",
				"@aws-cdk/aws-ecr-assets": "1.121.0",
				"@aws-cdk/aws-efs": "1.121.0",
				"@aws-cdk/aws-events": "1.121.0",
				"@aws-cdk/aws-iam": "1.121.0",
				"@aws-cdk/aws-kms": "1.121.0",
				"@aws-cdk/aws-logs": "1.121.0",
				"@aws-cdk/aws-s3": "1.121.0",
				"@aws-cdk/aws-s3-assets": "1.121.0",
				"@aws-cdk/aws-signer": "1.121.0",
				"@aws-cdk/aws-sqs": "1.121.0",
				"@aws-cdk/core": "1.121.0",
				"@aws-cdk/cx-api": "1.121.0",
				"@aws-cdk/region-info": "1.121.0",
				"constructs": "^3.3.69"
			}
		},
		"@aws-cdk/aws-logs": {
			"version": "1.121.0",
			"resolved": "https://registry.npmjs.org/@aws-cdk/aws-logs/-/aws-logs-1.121.0.tgz",
			"integrity": "sha512-U8gXhq6MZI+pIKiR/kWLWoBVEKa9xbmonOMP9EhZ3x3H472wH4X+6I9Sy+UxSt4ZT8OuhVXW4lSgTOQUM1sdfQ==",
			"dev": true,
			"requires": {
				"@aws-cdk/aws-cloudwatch": "1.121.0",
				"@aws-cdk/aws-iam": "1.121.0",
				"@aws-cdk/aws-kms": "1.121.0",
				"@aws-cdk/aws-s3-assets": "1.121.0",
				"@aws-cdk/core": "1.121.0",
				"constructs": "^3.3.69"
			}
		},
		"@aws-cdk/aws-route53": {
			"version": "1.121.0",
			"resolved": "https://registry.npmjs.org/@aws-cdk/aws-route53/-/aws-route53-1.121.0.tgz",
			"integrity": "sha512-iVK6EMX4baZfy664TChzNAGc8v5XQovEZhR6nBATjQVTmr5xkdb6+Bhk3EbMJxTzQIKKNag2qi3uNM99OYyEow==",
			"dev": true,
			"requires": {
				"@aws-cdk/aws-ec2": "1.121.0",
				"@aws-cdk/aws-iam": "1.121.0",
				"@aws-cdk/aws-logs": "1.121.0",
				"@aws-cdk/cloud-assembly-schema": "1.121.0",
				"@aws-cdk/core": "1.121.0",
				"@aws-cdk/custom-resources": "1.121.0",
				"constructs": "^3.3.69"
			}
		},
		"@aws-cdk/aws-s3": {
			"version": "1.121.0",
			"resolved": "https://registry.npmjs.org/@aws-cdk/aws-s3/-/aws-s3-1.121.0.tgz",
			"integrity": "sha512-9yqLLYlPQQri5pgMi1lMREGlVO2JC5pOlJZzm4bE7ED2hrE1QnXEm9fWVNmXcTBZnporBwUjyFngmQ56Diwjdw==",
			"dev": true,
			"requires": {
				"@aws-cdk/aws-events": "1.121.0",
				"@aws-cdk/aws-iam": "1.121.0",
				"@aws-cdk/aws-kms": "1.121.0",
				"@aws-cdk/core": "1.121.0",
				"@aws-cdk/cx-api": "1.121.0",
				"constructs": "^3.3.69"
			}
		},
		"@aws-cdk/aws-s3-assets": {
			"version": "1.121.0",
			"resolved": "https://registry.npmjs.org/@aws-cdk/aws-s3-assets/-/aws-s3-assets-1.121.0.tgz",
			"integrity": "sha512-PB4zwzx1XrZVJJdIfDFDAdmgDlmDNJeoj+1MJqnNvdaauYMYr5zdWzuRon1/969KuXX+hdHNSWlotQgahFY0OA==",
			"dev": true,
			"requires": {
				"@aws-cdk/assets": "1.121.0",
				"@aws-cdk/aws-iam": "1.121.0",
				"@aws-cdk/aws-kms": "1.121.0",
				"@aws-cdk/aws-s3": "1.121.0",
				"@aws-cdk/core": "1.121.0",
				"@aws-cdk/cx-api": "1.121.0",
				"constructs": "^3.3.69"
			}
		},
		"@aws-cdk/aws-s3-deployment": {
			"version": "1.121.0",
			"resolved": "https://registry.npmjs.org/@aws-cdk/aws-s3-deployment/-/aws-s3-deployment-1.121.0.tgz",
			"integrity": "sha512-bHqNQyUivI5bCAXpwuUm/zIeM/LgwuxGl9GocvQzSkKW/6xrADeM1dJB4UvnMcYvfYT2rxLUEAbsBF3tv+hxEw==",
			"dev": true,
			"requires": {
				"@aws-cdk/aws-cloudfront": "1.121.0",
				"@aws-cdk/aws-ec2": "1.121.0",
				"@aws-cdk/aws-iam": "1.121.0",
				"@aws-cdk/aws-lambda": "1.121.0",
				"@aws-cdk/aws-s3": "1.121.0",
				"@aws-cdk/aws-s3-assets": "1.121.0",
				"@aws-cdk/core": "1.121.0",
				"@aws-cdk/lambda-layer-awscli": "1.121.0",
				"case": "1.6.3",
				"constructs": "^3.3.69"
			},
			"dependencies": {
				"case": {
					"version": "1.6.3",
					"bundled": true,
					"dev": true
				}
			}
		},
		"@aws-cdk/aws-servicediscovery": {
			"version": "1.121.0",
			"resolved": "https://registry.npmjs.org/@aws-cdk/aws-servicediscovery/-/aws-servicediscovery-1.121.0.tgz",
			"integrity": "sha512-0p9w73BNBtywOo+S3qI3YhhL58MKDdsjpyBIi7lR5hOq5RHFHCzMto41WMEHzhYO3YjAaF7ymcrfD8OT6UteLQ==",
			"dev": true,
			"requires": {
				"@aws-cdk/aws-ec2": "1.121.0",
				"@aws-cdk/aws-elasticloadbalancingv2": "1.121.0",
				"@aws-cdk/aws-route53": "1.121.0",
				"@aws-cdk/core": "1.121.0",
				"constructs": "^3.3.69"
			}
		},
		"@aws-cdk/aws-signer": {
			"version": "1.121.0",
			"resolved": "https://registry.npmjs.org/@aws-cdk/aws-signer/-/aws-signer-1.121.0.tgz",
			"integrity": "sha512-Z2IoWSPAHfrC8+lolrKtqQIUPKovQhFH/ko9CLURFqHxeQh2V3n7Cc+m2t9OdXM7yOdkGzWmex/J3gj4pKYxCA==",
			"dev": true,
			"requires": {
				"@aws-cdk/core": "1.121.0",
				"constructs": "^3.3.69"
			}
		},
		"@aws-cdk/aws-sns": {
			"version": "1.121.0",
			"resolved": "https://registry.npmjs.org/@aws-cdk/aws-sns/-/aws-sns-1.121.0.tgz",
			"integrity": "sha512-MIIIkfiXfGLFB1E0SNL+chYMJA32k+6HSLQGPRPXpp6Ufk/wkn3FIanNPWP9qUMjLqa2ocmgBpXgqPorUSXHRQ==",
			"dev": true,
			"requires": {
				"@aws-cdk/aws-cloudwatch": "1.121.0",
				"@aws-cdk/aws-codestarnotifications": "1.121.0",
				"@aws-cdk/aws-events": "1.121.0",
				"@aws-cdk/aws-iam": "1.121.0",
				"@aws-cdk/aws-kms": "1.121.0",
				"@aws-cdk/aws-sqs": "1.121.0",
				"@aws-cdk/core": "1.121.0",
				"constructs": "^3.3.69"
			}
		},
		"@aws-cdk/aws-sqs": {
			"version": "1.121.0",
			"resolved": "https://registry.npmjs.org/@aws-cdk/aws-sqs/-/aws-sqs-1.121.0.tgz",
			"integrity": "sha512-nvgYx49qHdFTRYgESmgzy05TuWO7CWHTJOV6KBr5bR5CCDTF5kb/eG6+34YOKTRTKZZHAGrhhGOmUuPvZBeGVw==",
			"dev": true,
			"requires": {
				"@aws-cdk/aws-cloudwatch": "1.121.0",
				"@aws-cdk/aws-iam": "1.121.0",
				"@aws-cdk/aws-kms": "1.121.0",
				"@aws-cdk/core": "1.121.0",
				"constructs": "^3.3.69"
			}
		},
		"@aws-cdk/aws-ssm": {
			"version": "1.121.0",
			"resolved": "https://registry.npmjs.org/@aws-cdk/aws-ssm/-/aws-ssm-1.121.0.tgz",
			"integrity": "sha512-oDOmsFnsLBqqyNjpToHlrRGPlYCWAXIE7gzVpswuJ0mxwQUHsj4uje0xadbTavL4pnho95oxfqeM2npJ5992xw==",
			"dev": true,
			"requires": {
				"@aws-cdk/aws-iam": "1.121.0",
				"@aws-cdk/aws-kms": "1.121.0",
				"@aws-cdk/cloud-assembly-schema": "1.121.0",
				"@aws-cdk/core": "1.121.0",
				"constructs": "^3.3.69"
			}
		},
		"@aws-cdk/cloud-assembly-schema": {
			"version": "1.121.0",
			"resolved": "https://registry.npmjs.org/@aws-cdk/cloud-assembly-schema/-/cloud-assembly-schema-1.121.0.tgz",
			"integrity": "sha512-q0tcCUFNp/JBGMx4I1JxrtcPSr/ItenGkzSTdAezWApb0b5caAdPQCIAURZe4u7ZASRqdMTb20Lr3s3D7HK7OA==",
			"dev": true,
			"requires": {
				"jsonschema": "^1.4.0",
				"semver": "^7.3.5"
			},
			"dependencies": {
				"jsonschema": {
					"version": "1.4.0",
					"bundled": true,
					"dev": true
				},
				"lru-cache": {
					"version": "6.0.0",
					"bundled": true,
					"dev": true,
					"requires": {
						"yallist": "^4.0.0"
					}
				},
				"semver": {
					"version": "7.3.5",
					"bundled": true,
					"dev": true,
					"requires": {
						"lru-cache": "^6.0.0"
					}
				},
				"yallist": {
					"version": "4.0.0",
					"bundled": true,
					"dev": true
				}
			}
		},
		"@aws-cdk/core": {
			"version": "1.121.0",
			"resolved": "https://registry.npmjs.org/@aws-cdk/core/-/core-1.121.0.tgz",
			"integrity": "sha512-TLtDj2t507pv3GrNyosJx24QoJD2NMuvRE8urxLOmoqjANHcl1f21B8kYpcNgH8QGKJDu53xCcVihmXIPPtMvA==",
			"dev": true,
			"requires": {
				"@aws-cdk/cloud-assembly-schema": "1.121.0",
				"@aws-cdk/cx-api": "1.121.0",
				"@aws-cdk/region-info": "1.121.0",
				"@balena/dockerignore": "^1.0.2",
				"constructs": "^3.3.69",
				"fs-extra": "^9.1.0",
				"ignore": "^5.1.8",
				"minimatch": "^3.0.4"
			},
			"dependencies": {
				"@balena/dockerignore": {
					"version": "1.0.2",
					"bundled": true,
					"dev": true
				},
				"at-least-node": {
					"version": "1.0.0",
					"bundled": true,
					"dev": true
				},
				"balanced-match": {
					"version": "1.0.2",
					"bundled": true,
					"dev": true
				},
				"brace-expansion": {
					"version": "1.1.11",
					"bundled": true,
					"dev": true,
					"requires": {
						"balanced-match": "^1.0.0",
						"concat-map": "0.0.1"
					}
				},
				"concat-map": {
					"version": "0.0.1",
					"bundled": true,
					"dev": true
				},
				"fs-extra": {
					"version": "9.1.0",
					"bundled": true,
					"dev": true,
					"requires": {
						"at-least-node": "^1.0.0",
						"graceful-fs": "^4.2.0",
						"jsonfile": "^6.0.1",
						"universalify": "^2.0.0"
					}
				},
				"graceful-fs": {
					"version": "4.2.6",
					"bundled": true,
					"dev": true
				},
				"ignore": {
					"version": "5.1.8",
					"bundled": true,
					"dev": true
				},
				"jsonfile": {
					"version": "6.1.0",
					"bundled": true,
					"dev": true,
					"requires": {
						"graceful-fs": "^4.1.6",
						"universalify": "^2.0.0"
					}
				},
				"minimatch": {
					"version": "3.0.4",
					"bundled": true,
					"dev": true,
					"requires": {
						"brace-expansion": "^1.1.7"
					}
				},
				"universalify": {
					"version": "2.0.0",
					"bundled": true,
					"dev": true
				}
			}
		},
		"@aws-cdk/custom-resources": {
			"version": "1.121.0",
			"resolved": "https://registry.npmjs.org/@aws-cdk/custom-resources/-/custom-resources-1.121.0.tgz",
			"integrity": "sha512-c4WBEt/Z2vx0/ZCadmfgm1MYJe+XM1CxCmC+MqliSeX7vf1kSfiJHaLh0FM2Sr0uaA7XzZc+UlpnvR/i9tVNMg==",
			"dev": true,
			"requires": {
				"@aws-cdk/aws-cloudformation": "1.121.0",
				"@aws-cdk/aws-ec2": "1.121.0",
				"@aws-cdk/aws-iam": "1.121.0",
				"@aws-cdk/aws-lambda": "1.121.0",
				"@aws-cdk/aws-logs": "1.121.0",
				"@aws-cdk/aws-sns": "1.121.0",
				"@aws-cdk/core": "1.121.0",
				"constructs": "^3.3.69"
			}
		},
		"@aws-cdk/cx-api": {
			"version": "1.121.0",
			"resolved": "https://registry.npmjs.org/@aws-cdk/cx-api/-/cx-api-1.121.0.tgz",
			"integrity": "sha512-qPI4xFF/tNY9SjBwbrLMcCShLiUm5JELGPkIKgjSAaeL8Hy/0o1zHwiSaAOS9VCVfg5JwvGSqgdZUt5qjxfx3A==",
			"dev": true,
			"requires": {
				"@aws-cdk/cloud-assembly-schema": "1.121.0",
				"semver": "^7.3.5"
			},
			"dependencies": {
				"lru-cache": {
					"version": "6.0.0",
					"bundled": true,
					"dev": true,
					"requires": {
						"yallist": "^4.0.0"
					}
				},
				"semver": {
					"version": "7.3.5",
					"bundled": true,
					"dev": true,
					"requires": {
						"lru-cache": "^6.0.0"
					}
				},
				"yallist": {
					"version": "4.0.0",
					"bundled": true,
					"dev": true
				}
			}
		},
		"@aws-cdk/lambda-layer-awscli": {
			"version": "1.121.0",
			"resolved": "https://registry.npmjs.org/@aws-cdk/lambda-layer-awscli/-/lambda-layer-awscli-1.121.0.tgz",
			"integrity": "sha512-KZ2KkDerYQQVyb7CZl4DiXzqGTaUxQsoFbqUKzSlPjewWuv1EvLb7CJHQMXlO4NiGZ59HwepOMsLvmgBqxVp/A==",
			"dev": true,
			"requires": {
				"@aws-cdk/aws-lambda": "1.121.0",
				"@aws-cdk/core": "1.121.0",
				"constructs": "^3.3.69"
			}
		},
		"@aws-cdk/region-info": {
			"version": "1.121.0",
			"resolved": "https://registry.npmjs.org/@aws-cdk/region-info/-/region-info-1.121.0.tgz",
			"integrity": "sha512-yls/qfysAOhgrHseM7rtqV7eIffS9XNPOBv5xjfDTNvY/cpheDUMq6s47UIdTP5lYv1lJToYKGe7qTVxunpjPg==",
			"dev": true
		},
		"@rollup/pluginutils": {
			"version": "4.1.1",
			"resolved": "https://registry.npmjs.org/@rollup/pluginutils/-/pluginutils-4.1.1.tgz",
			"integrity": "sha512-clDjivHqWGXi7u+0d2r2sBi4Ie6VLEAzWMIkvJLnDmxoOhBYOTfzGbOQBA32THHm11/LiJbd01tJUpJsbshSWQ==",
			"dev": true,
			"requires": {
				"estree-walker": "^2.0.1",
				"picomatch": "^2.2.2"
			}
		},
		"@sveltejs/kit": {
			"version": "1.0.0-next.164",
			"resolved": "https://registry.npmjs.org/@sveltejs/kit/-/kit-1.0.0-next.164.tgz",
			"integrity": "sha512-ohtOWAlOhvdN0wJZjJbpLzbruyBcH0KoTxb+OBXb4UUPXIJYfOw9qSPSZcG4JQFVm4DbxK1tY4RcdOw2gONWEA==",
			"dev": true,
			"requires": {
				"@sveltejs/vite-plugin-svelte": "^1.0.0-next.22",
				"cheap-watch": "^1.0.3",
				"sade": "^1.7.4",
				"vite": "^2.5.3"
			}
		},
		"@sveltejs/vite-plugin-svelte": {
			"version": "1.0.0-next.22",
			"resolved": "https://registry.npmjs.org/@sveltejs/vite-plugin-svelte/-/vite-plugin-svelte-1.0.0-next.22.tgz",
			"integrity": "sha512-B1O/GMIxpE4iJ3/FBUJ3oYGKHhJ99G9uFARsb8kVeReLDPhtZGXTM+7brLDefJuedbKkRkGEEkbGOVuEuEBo3g==",
			"dev": true,
			"requires": {
				"@rollup/pluginutils": "^4.1.1",
				"debug": "^4.3.2",
				"kleur": "^4.1.4",
				"magic-string": "^0.25.7",
				"require-relative": "^0.8.7",
				"svelte-hmr": "^0.14.7"
			}
		},
		"@types/node": {
			"version": "16.7.11",
			"resolved": "https://registry.npmjs.org/@types/node/-/node-16.7.11.tgz",
			"integrity": "sha512-OtOGO+DYmNNqJQG9HG4e5a6iqoRcNfdCf4ha3div7XF5w/uOa3YVpb5aRGClwSDKLmfOysv2hFIvoklffnQi4w==",
			"dev": true
		},
		"@types/pug": {
			"version": "2.0.5",
			"resolved": "https://registry.npmjs.org/@types/pug/-/pug-2.0.5.tgz",
			"integrity": "sha512-LOnASQoeNZMkzexRuyqcBBDZ6rS+rQxUMkmj5A0PkhhiSZivLIuz6Hxyr1mkGoEZEkk66faROmpMi4fFkrKsBA==",
			"dev": true
		},
		"@types/sass": {
			"version": "1.16.1",
			"resolved": "https://registry.npmjs.org/@types/sass/-/sass-1.16.1.tgz",
			"integrity": "sha512-iZUcRrGuz/Tbg3loODpW7vrQJkUtpY2fFSf4ELqqkApcS2TkZ1msk7ie8iZPB86lDOP8QOTTmuvWjc5S0R9OjQ==",
			"dev": true,
			"requires": {
				"@types/node": "*"
			}
		},
		"ansi-styles": {
			"version": "4.3.0",
			"resolved": "https://registry.npmjs.org/ansi-styles/-/ansi-styles-4.3.0.tgz",
			"integrity": "sha512-zbB9rCJAT1rbjiVDb2hqKFHNYLxgtk8NURxZ3IZwD3F6NtxbXZQCnnSi1Lkx+IDohdPlFp222wVALIheZJQSEg==",
			"dev": true,
			"requires": {
				"color-convert": "^2.0.1"
			}
		},
		"anymatch": {
			"version": "3.1.2",
			"resolved": "https://registry.npmjs.org/anymatch/-/anymatch-3.1.2.tgz",
			"integrity": "sha512-P43ePfOAIupkguHUycrc4qJ9kz8ZiuOUijaETwX7THt0Y/GNK7v0aa8rY816xWjZ7rJdA5XdMcpVFTKMq+RvWg==",
			"dev": true,
			"requires": {
				"normalize-path": "^3.0.0",
				"picomatch": "^2.0.4"
			}
		},
		"balanced-match": {
			"version": "1.0.2",
			"resolved": "https://registry.npmjs.org/balanced-match/-/balanced-match-1.0.2.tgz",
			"integrity": "sha512-3oSeUO0TMV67hN1AmbXsK4yaqU7tjiHlbxRDZOpH0KW9+CeX4bRAaX0Anxt0tx2MrpRpWwQaPwIlISEJhYU5Pw==",
			"dev": true
		},
		"binary-extensions": {
			"version": "2.2.0",
			"resolved": "https://registry.npmjs.org/binary-extensions/-/binary-extensions-2.2.0.tgz",
			"integrity": "sha512-jDctJ/IVQbZoJykoeHbhXpOlNBqGNcwXJKJog42E5HDPUwQTSdjCHdihjj0DlnheQ7blbT6dHOafNAiS8ooQKA==",
			"dev": true
		},
		"brace-expansion": {
			"version": "1.1.11",
			"resolved": "https://registry.npmjs.org/brace-expansion/-/brace-expansion-1.1.11.tgz",
			"integrity": "sha512-iCuPHDFgrHX7H2vEI/5xpz07zSHB00TpugqhmYtVmMO6518mCuRMoOYFldEBl0g187ufozdaHgWKcYFb61qGiA==",
			"dev": true,
			"requires": {
				"balanced-match": "^1.0.0",
				"concat-map": "0.0.1"
			}
		},
		"braces": {
			"version": "3.0.2",
			"resolved": "https://registry.npmjs.org/braces/-/braces-3.0.2.tgz",
			"integrity": "sha512-b8um+L1RzM3WDSzvhm6gIz1yfTbBt6YTlcEKAvsmqCZZFw46z626lVj9j1yEPW33H5H+lBQpZMP1k8l+78Ha0A==",
			"dev": true,
			"requires": {
				"fill-range": "^7.0.1"
			}
		},
		"buffer-crc32": {
			"version": "0.2.13",
			"resolved": "https://registry.npmjs.org/buffer-crc32/-/buffer-crc32-0.2.13.tgz",
			"integrity": "sha1-DTM+PwDqxQqhRUq9MO+MKl2ackI=",
			"dev": true
		},
		"callsites": {
			"version": "3.1.0",
			"resolved": "https://registry.npmjs.org/callsites/-/callsites-3.1.0.tgz",
			"integrity": "sha512-P8BjAsXvZS+VIDUI11hHCQEv74YT67YUi5JJFNWIqL235sBmjX4+qx9Muvls5ivyNENctx46xQLQ3aTuE7ssaQ==",
			"dev": true
		},
		"chalk": {
			"version": "4.1.2",
			"resolved": "https://registry.npmjs.org/chalk/-/chalk-4.1.2.tgz",
			"integrity": "sha512-oKnbhFyRIXpUuez8iBMmyEa4nbj4IOQyuhc/wy9kY7/WVPcwIO9VA668Pu8RkO7+0G76SLROeyw9CpQ061i4mA==",
			"dev": true,
			"requires": {
				"ansi-styles": "^4.1.0",
				"supports-color": "^7.1.0"
			}
		},
		"cheap-watch": {
			"version": "1.0.4",
			"resolved": "https://registry.npmjs.org/cheap-watch/-/cheap-watch-1.0.4.tgz",
			"integrity": "sha512-QR/9FrtRL5fjfUJBhAKCdi0lSRQ3rVRRum3GF9wDKp2TJbEIMGhUEr2yU8lORzm9Isdjx7/k9S0DFDx+z5VGtw==",
			"dev": true
		},
		"chokidar": {
			"version": "3.5.2",
			"resolved": "https://registry.npmjs.org/chokidar/-/chokidar-3.5.2.tgz",
			"integrity": "sha512-ekGhOnNVPgT77r4K/U3GDhu+FQ2S8TnK/s2KbIGXi0SZWuwkZ2QNyfWdZW+TVfn84DpEP7rLeCt2UI6bJ8GwbQ==",
			"dev": true,
			"requires": {
				"anymatch": "~3.1.2",
				"braces": "~3.0.2",
				"fsevents": "~2.3.2",
				"glob-parent": "~5.1.2",
				"is-binary-path": "~2.1.0",
				"is-glob": "~4.0.1",
				"normalize-path": "~3.0.0",
				"readdirp": "~3.6.0"
			}
		},
		"color-convert": {
			"version": "2.0.1",
			"resolved": "https://registry.npmjs.org/color-convert/-/color-convert-2.0.1.tgz",
			"integrity": "sha512-RRECPsj7iu/xb5oKYcsFHSppFNnsj/52OVTRKb4zP5onXwVF3zVmmToNcOfGC+CRDpfK/U584fMg38ZHCaElKQ==",
			"dev": true,
			"requires": {
				"color-name": "~1.1.4"
			}
		},
		"color-name": {
			"version": "1.1.4",
			"resolved": "https://registry.npmjs.org/color-name/-/color-name-1.1.4.tgz",
			"integrity": "sha512-dOy+3AuW3a2wNbZHIuMZpTcgjGuLU/uBL/ubcZF9OXbDo8ff4O8yVp5Bf0efS8uEoYo5q4Fx7dY9OgQGXgAsQA==",
			"dev": true
		},
		"colorette": {
			"version": "1.3.0",
			"resolved": "https://registry.npmjs.org/colorette/-/colorette-1.3.0.tgz",
			"integrity": "sha512-ecORCqbSFP7Wm8Y6lyqMJjexBQqXSF7SSeaTyGGphogUjBlFP9m9o08wy86HL2uB7fMTxtOUzLMk7ogKcxMg1w==",
			"dev": true
		},
		"concat-map": {
			"version": "0.0.1",
			"resolved": "https://registry.npmjs.org/concat-map/-/concat-map-0.0.1.tgz",
			"integrity": "sha1-2Klr13/Wjfd5OnMDajug1UBdR3s=",
			"dev": true
		},
		"constructs": {
			"version": "3.3.147",
			"resolved": "https://registry.npmjs.org/constructs/-/constructs-3.3.147.tgz",
			"integrity": "sha512-xTSA87W5hscsHdFC2NcbJWALeMt8QWoCvVXRHPIuoBDDXdvBuNoqL2a5kY1yEWSMLQvBPnrDyinfz3twTX6dAw==",
			"dev": true
		},
		"debug": {
			"version": "4.3.2",
			"resolved": "https://registry.npmjs.org/debug/-/debug-4.3.2.tgz",
			"integrity": "sha512-mOp8wKcvj7XxC78zLgw/ZA+6TSgkoE2C/ienthhRD298T7UNwAg9diBpLRxC0mOezLl4B0xV7M0cCO6P/O0Xhw==",
			"dev": true,
			"requires": {
				"ms": "2.1.2"
			}
		},
		"detect-indent": {
			"version": "6.1.0",
			"resolved": "https://registry.npmjs.org/detect-indent/-/detect-indent-6.1.0.tgz",
			"integrity": "sha512-reYkTUJAZb9gUuZ2RvVCNhVHdg62RHnJ7WJl8ftMi4diZ6NWlciOzQN88pUhSELEwflJht4oQDv0F0BMlwaYtA==",
			"dev": true
		},
		"es6-promise": {
			"version": "3.3.1",
			"resolved": "https://registry.npmjs.org/es6-promise/-/es6-promise-3.3.1.tgz",
			"integrity": "sha1-oIzd6EzNvzTQJ6FFG8kdS80ophM=",
			"dev": true
		},
		"esbuild": {
			"version": "0.12.25",
			"resolved": "https://registry.npmjs.org/esbuild/-/esbuild-0.12.25.tgz",
			"integrity": "sha512-woie0PosbRSoN8gQytrdCzUbS2ByKgO8nD1xCZkEup3D9q92miCze4PqEI9TZDYAuwn6CruEnQpJxgTRWdooAg==",
			"dev": true
		},
		"estree-walker": {
			"version": "2.0.2",
			"resolved": "https://registry.npmjs.org/estree-walker/-/estree-walker-2.0.2.tgz",
			"integrity": "sha512-Rfkk/Mp/DL7JVje3u18FxFujQlTNR2q6QfMSMB7AvCBx91NGj/ba3kCfza0f6dVDbw7YlRf/nDrn7pQrCCyQ/w==",
			"dev": true
		},
		"fill-range": {
			"version": "7.0.1",
			"resolved": "https://registry.npmjs.org/fill-range/-/fill-range-7.0.1.tgz",
			"integrity": "sha512-qOo9F+dMUmC2Lcb4BbVvnKJxTPjCm+RRpe4gDuGrzkL7mEVl/djYSu2OdQ2Pa302N4oqkSg9ir6jaLWJ2USVpQ==",
			"dev": true,
			"requires": {
				"to-regex-range": "^5.0.1"
			}
		},
		"fs.realpath": {
			"version": "1.0.0",
			"resolved": "https://registry.npmjs.org/fs.realpath/-/fs.realpath-1.0.0.tgz",
			"integrity": "sha1-FQStJSMVjKpA20onh8sBQRmU6k8=",
			"dev": true
		},
		"fsevents": {
			"version": "2.3.2",
			"resolved": "https://registry.npmjs.org/fsevents/-/fsevents-2.3.2.tgz",
			"integrity": "sha512-xiqMQR4xAeHTuB9uWm+fFRcIOgKBMiOBP+eXiyT7jsgVCq1bkVygt00oASowB7EdtpOHaaPgKt812P9ab+DDKA==",
			"dev": true,
			"optional": true
		},
		"function-bind": {
			"version": "1.1.1",
			"resolved": "https://registry.npmjs.org/function-bind/-/function-bind-1.1.1.tgz",
			"integrity": "sha512-yIovAzMX49sF8Yl58fSCWJ5svSLuaibPxXQJFLmBObTuCr0Mf1KiPopGM9NiFjiYBCbfaa2Fh6breQ6ANVTI0A==",
			"dev": true
		},
		"glob": {
			"version": "7.1.7",
			"resolved": "https://registry.npmjs.org/glob/-/glob-7.1.7.tgz",
			"integrity": "sha512-OvD9ENzPLbegENnYP5UUfJIirTg4+XwMWGaQfQTY0JenxNvvIKP3U3/tAQSPIu/lHxXYSZmpXlUHeqAIdKzBLQ==",
			"dev": true,
			"requires": {
				"fs.realpath": "^1.0.0",
				"inflight": "^1.0.4",
				"inherits": "2",
				"minimatch": "^3.0.4",
				"once": "^1.3.0",
				"path-is-absolute": "^1.0.0"
			}
		},
		"glob-parent": {
			"version": "5.1.2",
			"resolved": "https://registry.npmjs.org/glob-parent/-/glob-parent-5.1.2.tgz",
			"integrity": "sha512-AOIgSQCepiJYwP3ARnGx+5VnTu2HBYdzbGP45eLw1vr3zB3vZLeyed1sC9hnbcOc9/SrMyM5RPQrkGz4aS9Zow==",
			"dev": true,
			"requires": {
				"is-glob": "^4.0.1"
			}
		},
		"graceful-fs": {
			"version": "4.2.8",
			"resolved": "https://registry.npmjs.org/graceful-fs/-/graceful-fs-4.2.8.tgz",
			"integrity": "sha512-qkIilPUYcNhJpd33n0GBXTB1MMPp14TxEsEs0pTrsSVucApsYzW5V+Q8Qxhik6KU3evy+qkAAowTByymK0avdg==",
			"dev": true
		},
		"has": {
			"version": "1.0.3",
			"resolved": "https://registry.npmjs.org/has/-/has-1.0.3.tgz",
			"integrity": "sha512-f2dvO0VU6Oej7RkWJGrehjbzMAjFp5/VKPp5tTpWIV4JHHZK1/BxbFRtf/siA2SWTe09caDmVtYYzWEIbBS4zw==",
			"dev": true,
			"requires": {
				"function-bind": "^1.1.1"
			}
		},
		"has-flag": {
			"version": "4.0.0",
			"resolved": "https://registry.npmjs.org/has-flag/-/has-flag-4.0.0.tgz",
			"integrity": "sha512-EykJT/Q1KjTWctppgIAgfSO0tKVuZUjhgMr17kqTumMl6Afv3EISleU7qZUzoXDFTAHTDC4NOoG/ZxU3EvlMPQ==",
			"dev": true
		},
		"import-fresh": {
			"version": "3.3.0",
			"resolved": "https://registry.npmjs.org/import-fresh/-/import-fresh-3.3.0.tgz",
			"integrity": "sha512-veYYhQa+D1QBKznvhUHxb8faxlrwUnxseDAbAp457E0wLNio2bOSKnjYDhMj+YiAq61xrMGhQk9iXVk5FzgQMw==",
			"dev": true,
			"requires": {
				"parent-module": "^1.0.0",
				"resolve-from": "^4.0.0"
			}
		},
		"inflight": {
			"version": "1.0.6",
			"resolved": "https://registry.npmjs.org/inflight/-/inflight-1.0.6.tgz",
			"integrity": "sha1-Sb1jMdfQLQwJvJEKEHW6gWW1bfk=",
			"dev": true,
			"requires": {
				"once": "^1.3.0",
				"wrappy": "1"
			}
		},
		"inherits": {
			"version": "2.0.4",
			"resolved": "https://registry.npmjs.org/inherits/-/inherits-2.0.4.tgz",
			"integrity": "sha512-k/vGaX4/Yla3WzyMCvTQOXYeIHvqOKtnqBduzTHpzpQZzAskKMhZ2K+EnBiSM9zGSoIFeMpXKxa4dYeZIQqewQ==",
			"dev": true
		},
		"is-binary-path": {
			"version": "2.1.0",
			"resolved": "https://registry.npmjs.org/is-binary-path/-/is-binary-path-2.1.0.tgz",
			"integrity": "sha512-ZMERYes6pDydyuGidse7OsHxtbI7WVeUEozgR/g7rd0xUimYNlvZRE/K2MgZTjWy725IfelLeVcEM97mmtRGXw==",
			"dev": true,
			"requires": {
				"binary-extensions": "^2.0.0"
			}
		},
		"is-core-module": {
			"version": "2.6.0",
			"resolved": "https://registry.npmjs.org/is-core-module/-/is-core-module-2.6.0.tgz",
			"integrity": "sha512-wShG8vs60jKfPWpF2KZRaAtvt3a20OAn7+IJ6hLPECpSABLcKtFKTTI4ZtH5QcBruBHlq+WsdHWyz0BCZW7svQ==",
			"dev": true,
			"requires": {
				"has": "^1.0.3"
			}
		},
		"is-extglob": {
			"version": "2.1.1",
			"resolved": "https://registry.npmjs.org/is-extglob/-/is-extglob-2.1.1.tgz",
			"integrity": "sha1-qIwCU1eR8C7TfHahueqXc8gz+MI=",
			"dev": true
		},
		"is-glob": {
			"version": "4.0.1",
			"resolved": "https://registry.npmjs.org/is-glob/-/is-glob-4.0.1.tgz",
			"integrity": "sha512-5G0tKtBTFImOqDnLB2hG6Bp2qcKEFduo4tZu9MT/H6NQv/ghhy30o55ufafxJ/LdH79LLs2Kfrn85TLKyA7BUg==",
			"dev": true,
			"requires": {
				"is-extglob": "^2.1.1"
			}
		},
		"is-number": {
			"version": "7.0.0",
			"resolved": "https://registry.npmjs.org/is-number/-/is-number-7.0.0.tgz",
			"integrity": "sha512-41Cifkg6e8TylSpdtTpeLVMqvSBEVzTttHvERD741+pnZ8ANv0004MRL43QKPDlK9cGvNp6NZWZUBlbGXYxxng==",
			"dev": true
		},
		"kleur": {
			"version": "4.1.4",
			"resolved": "https://registry.npmjs.org/kleur/-/kleur-4.1.4.tgz",
			"integrity": "sha512-8QADVssbrFjivHWQU7KkMgptGTl6WAcSdlbBPY4uNF+mWr6DGcKrvY2w4FQJoXch7+fKMjj0dRrL75vk3k23OA==",
			"dev": true
		},
		"magic-string": {
			"version": "0.25.7",
			"resolved": "https://registry.npmjs.org/magic-string/-/magic-string-0.25.7.tgz",
			"integrity": "sha512-4CrMT5DOHTDk4HYDlzmwu4FVCcIYI8gauveasrdCu2IKIFOJ3f0v/8MDGJCDL9oD2ppz/Av1b0Nj345H9M+XIA==",
			"dev": true,
			"requires": {
				"sourcemap-codec": "^1.4.4"
			}
		},
		"min-indent": {
			"version": "1.0.1",
			"resolved": "https://registry.npmjs.org/min-indent/-/min-indent-1.0.1.tgz",
			"integrity": "sha512-I9jwMn07Sy/IwOj3zVkVik2JTvgpaykDZEigL6Rx6N9LbMywwUSMtxET+7lVoDLLd3O3IXwJwvuuns8UB/HeAg==",
			"dev": true
		},
		"minimatch": {
			"version": "3.0.4",
			"resolved": "https://registry.npmjs.org/minimatch/-/minimatch-3.0.4.tgz",
			"integrity": "sha512-yJHVQEhyqPLUTgt9B83PXu6W3rx4MvvHvSUvToogpwoGDOUQ+yDrR0HRot+yOCdCO7u4hX3pWft6kWBBcqh0UA==",
			"dev": true,
			"requires": {
				"brace-expansion": "^1.1.7"
			}
		},
		"minimist": {
			"version": "1.2.5",
			"resolved": "https://registry.npmjs.org/minimist/-/minimist-1.2.5.tgz",
			"integrity": "sha512-FM9nNUYrRBAELZQT3xeZQ7fmMOBg6nWNmJKTcgsJeaLstP/UODVpGsr5OhXhhXg6f+qtJ8uiZ+PUxkDWcgIXLw==",
			"dev": true
		},
		"mkdirp": {
			"version": "0.5.5",
			"resolved": "https://registry.npmjs.org/mkdirp/-/mkdirp-0.5.5.tgz",
			"integrity": "sha512-NKmAlESf6jMGym1++R0Ra7wvhV+wFW63FaSOFPwRahvea0gMUcGUhVeAg/0BC0wiv9ih5NYPB1Wn1UEI1/L+xQ==",
			"dev": true,
			"requires": {
				"minimist": "^1.2.5"
			}
		},
		"mri": {
			"version": "1.1.6",
			"resolved": "https://registry.npmjs.org/mri/-/mri-1.1.6.tgz",
			"integrity": "sha512-oi1b3MfbyGa7FJMP9GmLTttni5JoICpYBRlq+x5V16fZbLsnL9N3wFqqIm/nIG43FjUFkFh9Epzp/kzUGUnJxQ==",
			"dev": true
		},
		"ms": {
			"version": "2.1.2",
			"resolved": "https://registry.npmjs.org/ms/-/ms-2.1.2.tgz",
			"integrity": "sha512-sGkPx+VjMtmA6MX27oA4FBFELFCZZ4S4XqeGOXCv68tT+jb3vk/RyaKWP0PTKyWtmLSM0b+adUTEvbs1PEaH2w==",
			"dev": true
		},
		"nanoid": {
			"version": "3.1.25",
			"resolved": "https://registry.npmjs.org/nanoid/-/nanoid-3.1.25.tgz",
			"integrity": "sha512-rdwtIXaXCLFAQbnfqDRnI6jaRHp9fTcYBjtFKE8eezcZ7LuLjhUaQGNeMXf1HmRoCH32CLz6XwX0TtxEOS/A3Q==",
			"dev": true
		},
		"normalize-path": {
			"version": "3.0.0",
			"resolved": "https://registry.npmjs.org/normalize-path/-/normalize-path-3.0.0.tgz",
			"integrity": "sha512-6eZs5Ls3WtCisHWp9S2GUy8dqkpGi4BVSz3GaqiE6ezub0512ESztXUwUB6C6IKbQkY2Pnb/mD4WYojCRwcwLA==",
			"dev": true
		},
		"once": {
			"version": "1.4.0",
			"resolved": "https://registry.npmjs.org/once/-/once-1.4.0.tgz",
			"integrity": "sha1-WDsap3WWHUsROsF9nFC6753Xa9E=",
			"dev": true,
			"requires": {
				"wrappy": "1"
			}
		},
		"parent-module": {
			"version": "1.0.1",
			"resolved": "https://registry.npmjs.org/parent-module/-/parent-module-1.0.1.tgz",
			"integrity": "sha512-GQ2EWRpQV8/o+Aw8YqtfZZPfNRWZYkbidE9k5rpl/hC3vtHHBfGm2Ifi6qWV+coDGkrUKZAxE3Lot5kcsRlh+g==",
			"dev": true,
			"requires": {
				"callsites": "^3.0.0"
			}
		},
		"path-is-absolute": {
			"version": "1.0.1",
			"resolved": "https://registry.npmjs.org/path-is-absolute/-/path-is-absolute-1.0.1.tgz",
			"integrity": "sha1-F0uSaHNVNP+8es5r9TpanhtcX18=",
			"dev": true
		},
		"path-parse": {
			"version": "1.0.7",
			"resolved": "https://registry.npmjs.org/path-parse/-/path-parse-1.0.7.tgz",
			"integrity": "sha512-LDJzPVEEEPR+y48z93A0Ed0yXb8pAByGWo/k5YYdYgpY2/2EsOsksJrq7lOHxryrVOn1ejG6oAp8ahvOIQD8sw==",
			"dev": true
		},
		"picomatch": {
			"version": "2.3.0",
			"resolved": "https://registry.npmjs.org/picomatch/-/picomatch-2.3.0.tgz",
			"integrity": "sha512-lY1Q/PiJGC2zOv/z391WOTD+Z02bCgsFfvxoXXf6h7kv9o+WmsmzYqrAwY63sNgOxE4xEdq0WyUnXfKeBrSvYw==",
			"dev": true
		},
		"postcss": {
			"version": "8.3.6",
			"resolved": "https://registry.npmjs.org/postcss/-/postcss-8.3.6.tgz",
			"integrity": "sha512-wG1cc/JhRgdqB6WHEuyLTedf3KIRuD0hG6ldkFEZNCjRxiC+3i6kkWUUbiJQayP28iwG35cEmAbe98585BYV0A==",
			"dev": true,
			"requires": {
				"colorette": "^1.2.2",
				"nanoid": "^3.1.23",
				"source-map-js": "^0.6.2"
			}
		},
		"prettier": {
			"version": "2.3.2",
			"resolved": "https://registry.npmjs.org/prettier/-/prettier-2.3.2.tgz",
			"integrity": "sha512-lnJzDfJ66zkMy58OL5/NY5zp70S7Nz6KqcKkXYzn2tMVrNxvbqaBpg7H3qHaLxCJ5lNMsGuM8+ohS7cZrthdLQ==",
			"dev": true
		},
		"prettier-plugin-svelte": {
			"version": "2.4.0",
			"resolved": "https://registry.npmjs.org/prettier-plugin-svelte/-/prettier-plugin-svelte-2.4.0.tgz",
			"integrity": "sha512-JwJ9bOz4XHLQtiLnX4mTSSDUdhu12WH8sTwy/XTDCSyPlah6IcV7NWeYBZscPEcceu2YnW8Y9sJCP40Z2UH9GA==",
			"dev": true
		},
		"punycode": {
			"version": "1.3.2",
			"resolved": "https://registry.npmjs.org/punycode/-/punycode-1.3.2.tgz",
			"integrity": "sha1-llOgNvt8HuQjQvIyXM7v6jkmxI0=",
			"dev": true
		},
		"querystring": {
			"version": "0.2.0",
			"resolved": "https://registry.npmjs.org/querystring/-/querystring-0.2.0.tgz",
			"integrity": "sha1-sgmEkgO7Jd+CDadW50cAWHhSFiA=",
			"dev": true
		},
		"readdirp": {
			"version": "3.6.0",
			"resolved": "https://registry.npmjs.org/readdirp/-/readdirp-3.6.0.tgz",
			"integrity": "sha512-hOS089on8RduqdbhvQ5Z37A0ESjsqz6qnRcffsMU3495FuTdqSm+7bhJ29JvIOsBDEEnan5DPu9t3To9VRlMzA==",
			"dev": true,
			"requires": {
				"picomatch": "^2.2.1"
			}
		},
		"require-relative": {
			"version": "0.8.7",
			"resolved": "https://registry.npmjs.org/require-relative/-/require-relative-0.8.7.tgz",
			"integrity": "sha1-eZlTn8ngR6N5KPoZb44VY9q9Nt4=",
			"dev": true
		},
		"resolve": {
			"version": "1.20.0",
			"resolved": "https://registry.npmjs.org/resolve/-/resolve-1.20.0.tgz",
			"integrity": "sha512-wENBPt4ySzg4ybFQW2TT1zMQucPK95HSh/nq2CFTZVOGut2+pQvSsgtda4d26YrYcr067wjbmzOG8byDPBX63A==",
			"dev": true,
			"requires": {
				"is-core-module": "^2.2.0",
				"path-parse": "^1.0.6"
			}
		},
		"resolve-from": {
			"version": "4.0.0",
			"resolved": "https://registry.npmjs.org/resolve-from/-/resolve-from-4.0.0.tgz",
			"integrity": "sha512-pb/MYmXstAkysRFx8piNI1tGFNQIFA3vkE3Gq4EuA1dF6gHp/+vgZqsCGJapvy8N3Q+4o7FwvquPJcnZ7RYy4g==",
			"dev": true
		},
		"rimraf": {
			"version": "2.7.1",
			"resolved": "https://registry.npmjs.org/rimraf/-/rimraf-2.7.1.tgz",
			"integrity": "sha512-uWjbaKIK3T1OSVptzX7Nl6PvQ3qAGtKEtVRjRuazjfL3Bx5eI409VZSqgND+4UNnmzLVdPj9FqFJNPqBZFve4w==",
			"dev": true,
			"requires": {
				"glob": "^7.1.3"
			}
		},
		"rollup": {
			"version": "2.56.3",
			"resolved": "https://registry.npmjs.org/rollup/-/rollup-2.56.3.tgz",
			"integrity": "sha512-Au92NuznFklgQCUcV96iXlxUbHuB1vQMaH76DHl5M11TotjOHwqk9CwcrT78+Tnv4FN9uTBxq6p4EJoYkpyekg==",
			"dev": true,
			"requires": {
				"fsevents": "~2.3.2"
			}
		},
		"sade": {
			"version": "1.7.4",
			"resolved": "https://registry.npmjs.org/sade/-/sade-1.7.4.tgz",
			"integrity": "sha512-y5yauMD93rX840MwUJr7C1ysLFBgMspsdTo4UVrDg3fXDvtwOyIqykhVAAm6fk/3au77773itJStObgK+LKaiA==",
			"dev": true,
			"requires": {
				"mri": "^1.1.0"
			}
		},
		"sander": {
			"version": "0.5.1",
			"resolved": "https://registry.npmjs.org/sander/-/sander-0.5.1.tgz",
			"integrity": "sha1-dB4kXiMfB8r7b98PEzrfohalAq0=",
			"dev": true,
			"requires": {
				"es6-promise": "^3.1.2",
				"graceful-fs": "^4.1.3",
				"mkdirp": "^0.5.1",
				"rimraf": "^2.5.2"
			}
		},
		"sorcery": {
			"version": "0.10.0",
			"resolved": "https://registry.npmjs.org/sorcery/-/sorcery-0.10.0.tgz",
			"integrity": "sha1-iukK19fLBfxZ8asMY3hF1cFaUrc=",
			"dev": true,
			"requires": {
				"buffer-crc32": "^0.2.5",
				"minimist": "^1.2.0",
				"sander": "^0.5.0",
				"sourcemap-codec": "^1.3.0"
			}
		},
		"source-map": {
			"version": "0.7.3",
			"resolved": "https://registry.npmjs.org/source-map/-/source-map-0.7.3.tgz",
			"integrity": "sha512-CkCj6giN3S+n9qrYiBTX5gystlENnRW5jZeNLHpe6aue+SrHcG5VYwujhW9s4dY31mEGsxBDrHR6oI69fTXsaQ==",
			"dev": true
		},
		"source-map-js": {
			"version": "0.6.2",
			"resolved": "https://registry.npmjs.org/source-map-js/-/source-map-js-0.6.2.tgz",
			"integrity": "sha512-/3GptzWzu0+0MBQFrDKzw/DvvMTUORvgY6k6jd/VS6iCR4RDTKWH6v6WPwQoUO8667uQEf9Oe38DxAYWY5F/Ug==",
			"dev": true
		},
		"sourcemap-codec": {
			"version": "1.4.8",
			"resolved": "https://registry.npmjs.org/sourcemap-codec/-/sourcemap-codec-1.4.8.tgz",
			"integrity": "sha512-9NykojV5Uih4lgo5So5dtw+f0JgJX30KCNI8gwhz2J9A15wD0Ml6tjHKwf6fTSa6fAdVBdZeNOs9eJ71qCk8vA==",
			"dev": true
		},
		"strip-indent": {
			"version": "3.0.0",
			"resolved": "https://registry.npmjs.org/strip-indent/-/strip-indent-3.0.0.tgz",
			"integrity": "sha512-laJTa3Jb+VQpaC6DseHhF7dXVqHTfJPCRDaEbid/drOhgitgYku/letMUqOXFoWV0zIIUbjpdH2t+tYj4bQMRQ==",
			"dev": true,
			"requires": {
				"min-indent": "^1.0.0"
			}
		},
		"supports-color": {
			"version": "7.2.0",
			"resolved": "https://registry.npmjs.org/supports-color/-/supports-color-7.2.0.tgz",
			"integrity": "sha512-qpCAvRl9stuOHveKsn7HncJRvv501qIacKzQlO/+Lwxc9+0q2wLyv4Dfvt80/DPn2pqOBsJdDiogXGR9+OvwRw==",
			"dev": true,
			"requires": {
				"has-flag": "^4.0.0"
			}
		},
		"svelte": {
			"version": "3.42.4",
			"resolved": "https://registry.npmjs.org/svelte/-/svelte-3.42.4.tgz",
			"integrity": "sha512-DqC0AmDdBrrbIA+Kzl3yhBb6qCn4vZOAfxye2pTnIpinLegyagC5sLI8Pe9GPlXu9VpHBXIwpDDedpMfu++epA==",
			"dev": true
		},
		"svelte-check": {
			"version": "2.2.5",
			"resolved": "https://registry.npmjs.org/svelte-check/-/svelte-check-2.2.5.tgz",
			"integrity": "sha512-EstDoqxjqWStWELh7Z0qytqUDl/ikdNEr21dveNc4fUDnhnqO2F2jHEufqoNnC3GfBji3GIUHvoXsp/I5lMbCg==",
			"dev": true,
			"requires": {
				"chalk": "^4.0.0",
				"chokidar": "^3.4.1",
				"glob": "^7.1.6",
				"import-fresh": "^3.2.1",
				"minimist": "^1.2.5",
				"sade": "^1.7.4",
				"source-map": "^0.7.3",
				"svelte-preprocess": "^4.0.0",
				"typescript": "*"
			}
		},
		"svelte-hmr": {
			"version": "0.14.7",
			"resolved": "https://registry.npmjs.org/svelte-hmr/-/svelte-hmr-0.14.7.tgz",
			"integrity": "sha512-pDrzgcWSoMaK6AJkBWkmgIsecW0GChxYZSZieIYfCP0v2oPyx2CYU/zm7TBIcjLVUPP714WxmViE9Thht4etog==",
			"dev": true
		},
		"svelte-preprocess": {
			"version": "4.9.1",
			"resolved": "https://registry.npmjs.org/svelte-preprocess/-/svelte-preprocess-4.9.1.tgz",
			"integrity": "sha512-nNGilNME8T7a1Yuisdo6MDfpVxHURR4Vj9rGsgdd1EfoS7H+8SF3qaVE92aJQt2IhTB7+BshBqBLeVP080gnpg==",
			"dev": true,
			"requires": {
				"@types/pug": "^2.0.4",
				"@types/sass": "^1.16.0",
				"detect-indent": "^6.0.0",
				"magic-string": "^0.25.7",
				"sorcery": "^0.10.0",
				"strip-indent": "^3.0.0"
			}
		},
		"sveltekit-adapter-aws": {
			"version": "1.0.22",
			"resolved": "https://registry.npmjs.org/sveltekit-adapter-aws/-/sveltekit-adapter-aws-1.0.22.tgz",
			"integrity": "sha512-OuIACqw926rcntZ99V4retJfy3FQnxrECKxtOGgJer4TgWLzcz+X2rGv/Wh0SCspcGh+jPb5YYBXDck7q9JfrQ==",
			"dev": true,
			"requires": {
				"@aws-cdk/aws-apigatewayv2": "^1.119.0",
				"@aws-cdk/aws-apigatewayv2-integrations": "^1.119.0",
				"@aws-cdk/aws-cloudfront": "^1.119.0",
				"@aws-cdk/aws-lambda": "^1.119.0",
				"@aws-cdk/aws-s3": "^1.119.0",
				"@aws-cdk/aws-s3-deployment": "^1.119.0",
				"@aws-cdk/core": "^1.119.0",
				"@sveltejs/kit": "^1.0.0-next.164",
				"svelte": "3.42.2",
				"url": "0.11.0"
			},
			"dependencies": {
				"svelte": {
					"version": "3.42.2",
					"resolved": "https://registry.npmjs.org/svelte/-/svelte-3.42.2.tgz",
					"integrity": "sha512-FOyNYKXb8wdE0Ot+Ctt2/OyDLsNBP8+V6PUE9ag6ZKeLslIou0LnMu1fhtWUA+HjzKTbAM1yj+4PFLtg/3pMJA==",
					"dev": true
				}
			}
		},
		"to-regex-range": {
			"version": "5.0.1",
			"resolved": "https://registry.npmjs.org/to-regex-range/-/to-regex-range-5.0.1.tgz",
			"integrity": "sha512-65P7iz6X5yEr1cwcgvQxbbIw7Uk3gOy5dIdtZ4rDveLqhrdJP+Li/Hx6tyK0NEb+2GCyneCMJiGqrADCSNk8sQ==",
			"dev": true,
			"requires": {
				"is-number": "^7.0.0"
			}
		},
		"tslib": {
			"version": "2.3.1",
			"resolved": "https://registry.npmjs.org/tslib/-/tslib-2.3.1.tgz",
			"integrity": "sha512-77EbyPPpMz+FRFRuAFlWMtmgUWGe9UOG2Z25NqCwiIjRhOf5iKGuzSe5P2w1laq+FkRy4p+PCuVkJSGkzTEKVw==",
			"dev": true
		},
		"typescript": {
			"version": "4.4.2",
			"resolved": "https://registry.npmjs.org/typescript/-/typescript-4.4.2.tgz",
			"integrity": "sha512-gzP+t5W4hdy4c+68bfcv0t400HVJMMd2+H9B7gae1nQlBzCqvrXX+6GL/b3GAgyTH966pzrZ70/fRjwAtZksSQ==",
			"dev": true
		},
		"url": {
			"version": "0.11.0",
			"resolved": "https://registry.npmjs.org/url/-/url-0.11.0.tgz",
			"integrity": "sha1-ODjpfPxgUh63PFJajlW/3Z4uKPE=",
			"dev": true,
			"requires": {
				"punycode": "1.3.2",
				"querystring": "0.2.0"
			}
		},
		"vite": {
			"version": "2.5.3",
			"resolved": "https://registry.npmjs.org/vite/-/vite-2.5.3.tgz",
			"integrity": "sha512-1wMDnjflvtTTkMov8O/Xb5+w1/VW/Gw8oCf8f6dqgHn8lMOEqq0SaPtFEQeikFcOKCfSbiU0nEi0LDIx6DNsaQ==",
			"dev": true,
			"requires": {
				"esbuild": "^0.12.17",
				"fsevents": "~2.3.2",
				"postcss": "^8.3.6",
				"resolve": "^1.20.0",
				"rollup": "^2.38.5"
			}
		},
		"wrappy": {
			"version": "1.0.2",
			"resolved": "https://registry.npmjs.org/wrappy/-/wrappy-1.0.2.tgz",
			"integrity": "sha1-tSQ9jz7BqjXxNkYFvA0QNuMKtp8=",
			"dev": true
		}
	}
}
